{
    "_readme": [
        "This file locks the dependencies of your project to a known state",
        "Read more about it at https://getcomposer.org/doc/01-basic-usage.md#composer-lock-the-lock-file",
        "This file is @generated automatically"
    ],
    "hash": "80578a5a1c7173a02d1857fc006c9120",
    "packages": [
        {
            "name": "niktux/addendum",
            "version": "v0.4.4",
            "source": {
                "type": "git",
                "url": "https://github.com/Niktux/addendum.git",
                "reference": "ec970cf3d59e25a7ac578505d20f223028f0317a"
            },
            "dist": {
                "type": "zip",
                "url": "https://api.github.com/repos/Niktux/addendum/zipball/ec970cf3d59e25a7ac578505d20f223028f0317a",
                "reference": "ec970cf3d59e25a7ac578505d20f223028f0317a",
                "shasum": ""
            },
            "require-dev": {
                "phpunit/phpunit": "~3.7"
            },
            "type": "library",
            "autoload": {
                "psr-0": {
                    "Addendum": "lib/",
                    "Tests\\Addendum": ""
                }
            },
            "notification-url": "https://packagist.org/downloads/",
            "authors": [
                {
                    "name": "Nicolas Le Nardou",
                    "email": "nico.ln@gmail.com",
                    "homepage": "https://github.com/Niktux"
                },
                {
                    "name": "Johno Suchal",
                    "email": "jan.suchal@gmail.com"
                }
            ],
            "description": "Annotations support for PHP (fork of addendum)",
            "keywords": [
                "annotations",
                "docblock",
                "metadata",
                "parser"
            ],
            "abandoned": true,
            "time": "2013-07-17 08:37:59"
        }
    ],
    "packages-dev": [],
    "aliases": [],
    "minimum-stability": "stable",
    "stability-flags": [],
    "prefer-stable": false,
    "prefer-lowest": false,
    "platform": [],
    "platform-dev": []
}
